
Microsoft Visual Studio Solution File, Format Version 12.00
# Visual Studio Version 17
VisualStudioVersion = 17.3.32901.215
MinimumVisualStudioVersion = 10.0.40219.1
Project("{FAE04EC0-301F-11D3-BF4B-00C04F79EFBC}") = "CSharpSelenium", "CSharpSelenium\CSharpSelenium.csproj", "{FD948D23-652E-4998-839C-4A80D94788CD}"
EndProject
Global
	GlobalSection(SolutionConfigurationPlatforms) = preSolution
		Debug|Any CPU = Debug|Any CPU
		Release|Any CPU = Release|Any CPU
	EndGlobalSection
	GlobalSection(ProjectConfigurationPlatforms) = postSolution
		{FD948D23-652E-4998-839C-4A80D94788CD}.Debug|Any CPU.ActiveCfg = Debug|Any CPU
		{FD948D23-652E-4998-839C-4A80D94788CD}.Debug|Any CPU.Build.0 = Debug|Any CPU
		{FD948D23-652E-4998-839C-4A80D94788CD}.Release|Any CPU.ActiveCfg = Release|Any CPU
		{FD948D23-652E-4998-839C-4A80D94788CD}.Release|Any CPU.Build.0 = Release|Any CPU
	EndGlobalSection
	GlobalSection(SolutionProperties) = preSolution
		HideSolutionNode = FALSE
	EndGlobalSection
	GlobalSection(ExtensibilityGlobals) = postSolution
		SolutionGuid = {AEC4E8ED-A010-4F81-B103-20A3E5599FEB}
	EndGlobalSection
EndGlobal
